{
  "version": 4,
  "terraform_version": "1.5.5",
  "serial": 4,
  "lineage": "715ff421-eaca-8e35-450f-c092100e61e3",
  "outputs": {},
  "resources": [
    {
      "mode": "managed",
      "type": "local_file",
      "name": "file03",
      "provider": "provider[\"registry.terraform.io/hashicorp/local\"]",
      "instances": [
        {
          "schema_version": 0,
          "attributes": {
            "content": "Local Argument 1: Hiiiiiii\r\nLocal Argument 2: This is Ravi Raj\r\nLocal Argument 3: welcome\r\n",
            "content_base64": null,
            "content_base64sha256": "JKfdi2DfQnTcSXRQ4DMBkgLKLC2EykBRIg2wAT3aSYo=",
            "content_base64sha512": "KRn+ca719p8lQU9Nx0qTFhIIFXSuq3pRYuv6RexmbmZEDr0SJxG9wye7rhBV6dADS7+qwYeLqKfrOuHtQxlr1Q==",
            "content_md5": "1dedf0a2d9090968ef7c9f9716273edf",
            "content_sha1": "5b391986f793f106fa1d169d879197fe276a81d2",
            "content_sha256": "24a7dd8b60df4274dc497450e033019202ca2c2d84ca4051220db0013dda498a",
            "content_sha512": "2919fe71aef5f69f25414f4dc74a931612081574aeab7a5162ebfa45ec666e66440ebd122711bdc327bbae1055e9d0034bbfaac1878ba8a7eb3ae1ed43196bd5",
            "directory_permission": "0777",
            "file_permission": "0777",
            "filename": "output.txt",
            "id": "5b391986f793f106fa1d169d879197fe276a81d2",
            "sensitive_content": null,
            "source": null
          },
          "sensitive_attributes": []
        }
      ]
    }
  ],
  "check_results": null
}
